{
  "name": "detect-code-language",
  "version": "1.0.3",
  "lockfileVersion": 3,
  "requires": true,
  "packages": {
    "": {
      "name": "detect-code-language",
      "version": "1.0.3",
      "license": "ISC",
      "dependencies": {
        "detect-code-language": "file:detect-code-language-1.0.3.tgz"
      }
    }
  }
}
